
Microsoft Visual Studio Solution File, Format Version 12.00
# Visual Studio Version 16
VisualStudioVersion = 16.0.32002.261
MinimumVisualStudioVersion = 10.0.40219.1
Project("{9A19103F-16F7-4668-BE54-9A1E7A4F7556}") = "R5T.F0028", "R5T.F0028\R5T.F0028.csproj", "{C9462896-76F7-4F49-AE64-5991249E3274}"
EndProject
Project("{2150E333-8FDC-42A3-9474-1A3956D46DE8}") = "_Dependencies", "_Dependencies", "{2D064584-5449-40C9-B8EE-F63B128C2842}"
EndProject
Project("{9A19103F-16F7-4668-BE54-9A1E7A4F7556}") = "R5T.L0013", "..\..\R5T.L0013\source\R5T.L0013\R5T.L0013.csproj", "{766B4C64-8ED0-4C05-8479-8587B1326432}"
EndProject
Project("{9A19103F-16F7-4668-BE54-9A1E7A4F7556}") = "R5T.T0132", "..\..\R5T.T0132\source\R5T.T0132\R5T.T0132.csproj", "{B0D057BB-722D-455A-9BB5-C47AEA92F590}"
EndProject
Global
	GlobalSection(SolutionConfigurationPlatforms) = preSolution
		Debug|Any CPU = Debug|Any CPU
		Release|Any CPU = Release|Any CPU
	EndGlobalSection
	GlobalSection(ProjectConfigurationPlatforms) = postSolution
		{C9462896-76F7-4F49-AE64-5991249E3274}.Debug|Any CPU.ActiveCfg = Debug|Any CPU
		{C9462896-76F7-4F49-AE64-5991249E3274}.Debug|Any CPU.Build.0 = Debug|Any CPU
		{C9462896-76F7-4F49-AE64-5991249E3274}.Release|Any CPU.ActiveCfg = Release|Any CPU
		{C9462896-76F7-4F49-AE64-5991249E3274}.Release|Any CPU.Build.0 = Release|Any CPU
		{766B4C64-8ED0-4C05-8479-8587B1326432}.Debug|Any CPU.ActiveCfg = Debug|Any CPU
		{766B4C64-8ED0-4C05-8479-8587B1326432}.Debug|Any CPU.Build.0 = Debug|Any CPU
		{766B4C64-8ED0-4C05-8479-8587B1326432}.Release|Any CPU.ActiveCfg = Release|Any CPU
		{766B4C64-8ED0-4C05-8479-8587B1326432}.Release|Any CPU.Build.0 = Release|Any CPU
		{B0D057BB-722D-455A-9BB5-C47AEA92F590}.Debug|Any CPU.ActiveCfg = Debug|Any CPU
		{B0D057BB-722D-455A-9BB5-C47AEA92F590}.Debug|Any CPU.Build.0 = Debug|Any CPU
		{B0D057BB-722D-455A-9BB5-C47AEA92F590}.Release|Any CPU.ActiveCfg = Release|Any CPU
		{B0D057BB-722D-455A-9BB5-C47AEA92F590}.Release|Any CPU.Build.0 = Release|Any CPU
	EndGlobalSection
	GlobalSection(SolutionProperties) = preSolution
		HideSolutionNode = FALSE
	EndGlobalSection
	GlobalSection(NestedProjects) = preSolution
		{766B4C64-8ED0-4C05-8479-8587B1326432} = {2D064584-5449-40C9-B8EE-F63B128C2842}
		{B0D057BB-722D-455A-9BB5-C47AEA92F590} = {2D064584-5449-40C9-B8EE-F63B128C2842}
	EndGlobalSection
	GlobalSection(ExtensibilityGlobals) = postSolution
		SolutionGuid = {7E725DEE-755D-44C0-8725-36D8CD3C4EA6}
	EndGlobalSection
EndGlobal
