
Microsoft Visual Studio Solution File, Format Version 12.00
# Visual Studio Version 16
VisualStudioVersion = 16.0.32002.261
MinimumVisualStudioVersion = 10.0.40219.1
Project("{9A19103F-16F7-4668-BE54-9A1E7A4F7556}") = "R5T.F0028", "R5T.F0028\R5T.F0028.csproj", "{C9462896-76F7-4F49-AE64-5991249E3274}"
EndProject
Project("{2150E333-8FDC-42A3-9474-1A3956D46DE8}") = "_Dependencies", "_Dependencies", "{2D064584-5449-40C9-B8EE-F63B128C2842}"
EndProject
Project("{9A19103F-16F7-4668-BE54-9A1E7A4F7556}") = "R5T.T0132", "..\..\R5T.T0132\source\R5T.T0132\R5T.T0132.csproj", "{B0D057BB-722D-455A-9BB5-C47AEA92F590}"
EndProject
Project("{9A19103F-16F7-4668-BE54-9A1E7A4F7556}") = "R5T.NG0002", "..\..\R5T.NG0002\source\R5T.NG0002\R5T.NG0002.csproj", "{43C4F747-3BE5-4FCF-B21B-EA9E2036A2D5}"
EndProject
Project("{9A19103F-16F7-4668-BE54-9A1E7A4F7556}") = "R5T.T0143", "..\..\R5T.T0143\source\R5T.T0143\R5T.T0143.csproj", "{40252D76-E83C-4FCA-B1AA-9BA8433E4E63}"
EndProject
Project("{9A19103F-16F7-4668-BE54-9A1E7A4F7556}") = "R5T.L0066", "..\..\R5T.L0066\source\R5T.L0066\R5T.L0066.csproj", "{FF6D7713-C62D-4D83-8EFA-784DE24EC7ED}"
EndProject
Project("{9A19103F-16F7-4668-BE54-9A1E7A4F7556}") = "R5T.T0131", "..\..\R5T.T0131\source\R5T.T0131\R5T.T0131.csproj", "{0F25BBBE-77A0-4481-900C-5CC7B0A1398D}"
EndProject
Project("{9A19103F-16F7-4668-BE54-9A1E7A4F7556}") = "R5T.T0142", "..\..\R5T.T0142\source\R5T.T0142\R5T.T0142.csproj", "{1A90CC04-F7C9-440C-A620-F9C06E6F86B1}"
EndProject
Project("{9A19103F-16F7-4668-BE54-9A1E7A4F7556}") = "R5T.T0156", "..\..\R5T.T0156\source\R5T.T0156\R5T.T0156.csproj", "{1A9A6C6D-BDB0-4458-85B7-17D178668BCA}"
EndProject
Project("{9A19103F-16F7-4668-BE54-9A1E7A4F7556}") = "R5T.Y0006", "..\..\R5T.Y0006\source\R5T.Y0006\R5T.Y0006.csproj", "{4C860502-E2B8-4C32-9591-6AB2BAEC3D10}"
EndProject
Global
	GlobalSection(NestedProjects) = preSolution
		{B0D057BB-722D-455A-9BB5-C47AEA92F590} = {2D064584-5449-40C9-B8EE-F63B128C2842}
		{43C4F747-3BE5-4FCF-B21B-EA9E2036A2D5} = {2D064584-5449-40C9-B8EE-F63B128C2842}
		{40252D76-E83C-4FCA-B1AA-9BA8433E4E63} = {2D064584-5449-40C9-B8EE-F63B128C2842}
		{FF6D7713-C62D-4D83-8EFA-784DE24EC7ED} = {2D064584-5449-40C9-B8EE-F63B128C2842}
		{0F25BBBE-77A0-4481-900C-5CC7B0A1398D} = {2D064584-5449-40C9-B8EE-F63B128C2842}
		{1A90CC04-F7C9-440C-A620-F9C06E6F86B1} = {2D064584-5449-40C9-B8EE-F63B128C2842}
		{1A9A6C6D-BDB0-4458-85B7-17D178668BCA} = {2D064584-5449-40C9-B8EE-F63B128C2842}
		{4C860502-E2B8-4C32-9591-6AB2BAEC3D10} = {2D064584-5449-40C9-B8EE-F63B128C2842}
	EndGlobalSection
	GlobalSection(SolutionConfigurationPlatforms) = preSolution
		Debug|Any CPU = Debug|Any CPU
		Release|Any CPU = Release|Any CPU
	EndGlobalSection
	GlobalSection(ProjectConfigurationPlatforms) = postSolution
		{C9462896-76F7-4F49-AE64-5991249E3274}.Debug|Any CPU.ActiveCfg = Debug|Any CPU
		{C9462896-76F7-4F49-AE64-5991249E3274}.Debug|Any CPU.Build.0 = Debug|Any CPU
		{C9462896-76F7-4F49-AE64-5991249E3274}.Release|Any CPU.ActiveCfg = Release|Any CPU
		{C9462896-76F7-4F49-AE64-5991249E3274}.Release|Any CPU.Build.0 = Release|Any CPU
		{B0D057BB-722D-455A-9BB5-C47AEA92F590}.Debug|Any CPU.ActiveCfg = Debug|Any CPU
		{B0D057BB-722D-455A-9BB5-C47AEA92F590}.Debug|Any CPU.Build.0 = Debug|Any CPU
		{B0D057BB-722D-455A-9BB5-C47AEA92F590}.Release|Any CPU.ActiveCfg = Release|Any CPU
		{B0D057BB-722D-455A-9BB5-C47AEA92F590}.Release|Any CPU.Build.0 = Release|Any CPU
		{43C4F747-3BE5-4FCF-B21B-EA9E2036A2D5}.Debug|Any CPU.ActiveCfg = Debug|Any CPU
		{43C4F747-3BE5-4FCF-B21B-EA9E2036A2D5}.Debug|Any CPU.Build.0 = Debug|Any CPU
		{43C4F747-3BE5-4FCF-B21B-EA9E2036A2D5}.Release|Any CPU.ActiveCfg = Release|Any CPU
		{43C4F747-3BE5-4FCF-B21B-EA9E2036A2D5}.Release|Any CPU.Build.0 = Release|Any CPU
		{40252D76-E83C-4FCA-B1AA-9BA8433E4E63}.Debug|Any CPU.ActiveCfg = Debug|Any CPU
		{40252D76-E83C-4FCA-B1AA-9BA8433E4E63}.Debug|Any CPU.Build.0 = Debug|Any CPU
		{40252D76-E83C-4FCA-B1AA-9BA8433E4E63}.Release|Any CPU.ActiveCfg = Release|Any CPU
		{40252D76-E83C-4FCA-B1AA-9BA8433E4E63}.Release|Any CPU.Build.0 = Release|Any CPU
		{FF6D7713-C62D-4D83-8EFA-784DE24EC7ED}.Debug|Any CPU.ActiveCfg = Debug|Any CPU
		{FF6D7713-C62D-4D83-8EFA-784DE24EC7ED}.Debug|Any CPU.Build.0 = Debug|Any CPU
		{FF6D7713-C62D-4D83-8EFA-784DE24EC7ED}.Release|Any CPU.ActiveCfg = Release|Any CPU
		{FF6D7713-C62D-4D83-8EFA-784DE24EC7ED}.Release|Any CPU.Build.0 = Release|Any CPU
		{0F25BBBE-77A0-4481-900C-5CC7B0A1398D}.Debug|Any CPU.ActiveCfg = Debug|Any CPU
		{0F25BBBE-77A0-4481-900C-5CC7B0A1398D}.Debug|Any CPU.Build.0 = Debug|Any CPU
		{0F25BBBE-77A0-4481-900C-5CC7B0A1398D}.Release|Any CPU.ActiveCfg = Release|Any CPU
		{0F25BBBE-77A0-4481-900C-5CC7B0A1398D}.Release|Any CPU.Build.0 = Release|Any CPU
		{1A90CC04-F7C9-440C-A620-F9C06E6F86B1}.Debug|Any CPU.ActiveCfg = Debug|Any CPU
		{1A90CC04-F7C9-440C-A620-F9C06E6F86B1}.Debug|Any CPU.Build.0 = Debug|Any CPU
		{1A90CC04-F7C9-440C-A620-F9C06E6F86B1}.Release|Any CPU.ActiveCfg = Release|Any CPU
		{1A90CC04-F7C9-440C-A620-F9C06E6F86B1}.Release|Any CPU.Build.0 = Release|Any CPU
		{1A9A6C6D-BDB0-4458-85B7-17D178668BCA}.Debug|Any CPU.ActiveCfg = Debug|Any CPU
		{1A9A6C6D-BDB0-4458-85B7-17D178668BCA}.Debug|Any CPU.Build.0 = Debug|Any CPU
		{1A9A6C6D-BDB0-4458-85B7-17D178668BCA}.Release|Any CPU.ActiveCfg = Release|Any CPU
		{1A9A6C6D-BDB0-4458-85B7-17D178668BCA}.Release|Any CPU.Build.0 = Release|Any CPU
		{4C860502-E2B8-4C32-9591-6AB2BAEC3D10}.Debug|Any CPU.ActiveCfg = Debug|Any CPU
		{4C860502-E2B8-4C32-9591-6AB2BAEC3D10}.Debug|Any CPU.Build.0 = Debug|Any CPU
		{4C860502-E2B8-4C32-9591-6AB2BAEC3D10}.Release|Any CPU.ActiveCfg = Release|Any CPU
		{4C860502-E2B8-4C32-9591-6AB2BAEC3D10}.Release|Any CPU.Build.0 = Release|Any CPU
	EndGlobalSection
	GlobalSection(SolutionProperties) = preSolution
		HideSolutionNode = FALSE
	EndGlobalSection
	GlobalSection(ExtensibilityGlobals) = postSolution
		SolutionGuid = {7E725DEE-755D-44C0-8725-36D8CD3C4EA6}
	EndGlobalSection
EndGlobal
